
Microsoft Visual Studio Solution File, Format Version 12.00
# Visual Studio Version 16
VisualStudioVersion = 16.0.30320.27
MinimumVisualStudioVersion = 10.0.40219.1
Project("{888888A0-9F3D-457C-B088-3A5042F75D52}") = "ECDataAnalysis", "ECDataAnalysis\ECDataAnalysis.pyproj", "{2594B011-0D9B-4807-8F64-A6C5DE8AAD6B}"
EndProject
Global
	GlobalSection(SolutionConfigurationPlatforms) = preSolution
		Debug|Any CPU = Debug|Any CPU
		Release|Any CPU = Release|Any CPU
	EndGlobalSection
	GlobalSection(ProjectConfigurationPlatforms) = postSolution
		{2594B011-0D9B-4807-8F64-A6C5DE8AAD6B}.Debug|Any CPU.ActiveCfg = Debug|Any CPU
		{2594B011-0D9B-4807-8F64-A6C5DE8AAD6B}.Release|Any CPU.ActiveCfg = Release|Any CPU
	EndGlobalSection
	GlobalSection(SolutionProperties) = preSolution
		HideSolutionNode = FALSE
	EndGlobalSection
	GlobalSection(ExtensibilityGlobals) = postSolution
		SolutionGuid = {3318562C-93E4-43A3-A6B0-8598B11C96D8}
	EndGlobalSection
EndGlobal
